// !$*UTF8*$!
{
	archiveVersion = 1;
	classes = {
	};
	objectVersion = 48;
	objects = {

/* Begin PBXBuildFile section */
		398E4A049813579EF92D9B17 /* Pods_SuperHero.framework in Frameworks */ = {isa = PBXBuildFile; fileRef = 412C488D043853541F7C6617 /* Pods_SuperHero.framework */; };
		643150D6204827900014F2A0 /* AppDelegate.swift in Sources */ = {isa = PBXBuildFile; fileRef = 643150D5204827900014F2A0 /* AppDelegate.swift */; };
		643150DD204827900014F2A0 /* Assets.xcassets in Resources */ = {isa = PBXBuildFile; fileRef = 643150DC204827900014F2A0 /* Assets.xcassets */; };
		643150E0204827900014F2A0 /* LaunchScreen.storyboard in Resources */ = {isa = PBXBuildFile; fileRef = 643150DE204827900014F2A0 /* LaunchScreen.storyboard */; };
		64EEFE2E204AB702006B0B2A /* Router.swift in Sources */ = {isa = PBXBuildFile; fileRef = 6447E1BA204AB3E7002C7E8F /* Router.swift */; };
		64EEFE2F204AB702006B0B2A /* ViewController.swift in Sources */ = {isa = PBXBuildFile; fileRef = 6447E1B8204AB3E7002C7E8F /* ViewController.swift */; };
		64EEFE30204AB702006B0B2A /* ViewModel.swift in Sources */ = {isa = PBXBuildFile; fileRef = 6447E1B9204AB3E7002C7E8F /* ViewModel.swift */; };
		64EEFE31204AB702006B0B2A /* Constants.swift in Sources */ = {isa = PBXBuildFile; fileRef = 6447E1BB204AB423002C7E8F /* Constants.swift */; };
		64EEFE32204AB702006B0B2A /* DependencyInjection.swift in Sources */ = {isa = PBXBuildFile; fileRef = 6447E1BC204AB423002C7E8F /* DependencyInjection.swift */; };
		64EEFE36204AB923006B0B2A /* JSONDecodable.swift in Sources */ = {isa = PBXBuildFile; fileRef = 64EEFE35204AB920006B0B2A /* JSONDecodable.swift */; };
		64EEFE37204AB926006B0B2A /* ApiClient.swift in Sources */ = {isa = PBXBuildFile; fileRef = 643150EB204827FA0014F2A0 /* ApiClient.swift */; };
		64EEFE39204AB9F6006B0B2A /* JSONDecodingError.swift in Sources */ = {isa = PBXBuildFile; fileRef = 64EEFE38204AB9F6006B0B2A /* JSONDecodingError.swift */; };
		64EEFE3B204ABD87006B0B2A /* Resource.swift in Sources */ = {isa = PBXBuildFile; fileRef = 64EEFE3A204ABD87006B0B2A /* Resource.swift */; };
		64EEFE3D204ABFE2006B0B2A /* ApiError.swift in Sources */ = {isa = PBXBuildFile; fileRef = 64EEFE3C204ABFE1006B0B2A /* ApiError.swift */; };
		64EEFE3F204B1328006B0B2A /* ApiPaths.swift in Sources */ = {isa = PBXBuildFile; fileRef = 64EEFE3E204B1328006B0B2A /* ApiPaths.swift */; };
		64EEFE41204B16DF006B0B2A /* Array+JSONDecodable.swift in Sources */ = {isa = PBXBuildFile; fileRef = 64EEFE40204B16DE006B0B2A /* Array+JSONDecodable.swift */; };
		64EEFE4B204B231B006B0B2A /* SuperHeroListRouter.swift in Sources */ = {isa = PBXBuildFile; fileRef = 64EEFE4A204B231B006B0B2A /* SuperHeroListRouter.swift */; };
		64EEFE4E204B269E006B0B2A /* SuperHeroCollectionViewCell.swift in Sources */ = {isa = PBXBuildFile; fileRef = 64EEFE4C204B269E006B0B2A /* SuperHeroCollectionViewCell.swift */; };
		64EEFE4F204B269E006B0B2A /* SuperHeroCollectionViewCell.xib in Resources */ = {isa = PBXBuildFile; fileRef = 64EEFE4D204B269E006B0B2A /* SuperHeroCollectionViewCell.xib */; };
		64EEFE51204B26B9006B0B2A /* SuperHeroCellViewModel.swift in Sources */ = {isa = PBXBuildFile; fileRef = 64EEFE50204B26B9006B0B2A /* SuperHeroCellViewModel.swift */; };
		64EEFE53204B289B006B0B2A /* UIImageView+setImage.swift in Sources */ = {isa = PBXBuildFile; fileRef = 64EEFE52204B289B006B0B2A /* UIImageView+setImage.swift */; };
		64EEFE57204B3083006B0B2A /* ViewStyle.swift in Sources */ = {isa = PBXBuildFile; fileRef = 64EEFE56204B3083006B0B2A /* ViewStyle.swift */; };
		64EEFE59204B3099006B0B2A /* StyleConstants.swift in Sources */ = {isa = PBXBuildFile; fileRef = 64EEFE58204B3099006B0B2A /* StyleConstants.swift */; };
		64EEFE5B204B30DE006B0B2A /* UIView+Stylable.swift in Sources */ = {isa = PBXBuildFile; fileRef = 64EEFE5A204B30DE006B0B2A /* UIView+Stylable.swift */; };
		64EEFE5D204B3134006B0B2A /* Stylable.swift in Sources */ = {isa = PBXBuildFile; fileRef = 64EEFE5C204B3133006B0B2A /* Stylable.swift */; };
		64EEFE62204B3AEE006B0B2A /* SuperHeroRouter.swift in Sources */ = {isa = PBXBuildFile; fileRef = 64EEFE5F204B3AEE006B0B2A /* SuperHeroRouter.swift */; };
		64EEFE63204B3AEE006B0B2A /* SuperHeroViewController.swift in Sources */ = {isa = PBXBuildFile; fileRef = 64EEFE60204B3AEE006B0B2A /* SuperHeroViewController.swift */; };
		64EEFE64204B3AEE006B0B2A /* SuperHeroViewModel.swift in Sources */ = {isa = PBXBuildFile; fileRef = 64EEFE61204B3AEE006B0B2A /* SuperHeroViewModel.swift */; };
		64EEFE66204B3AFC006B0B2A /* SuperHeroViewController.xib in Resources */ = {isa = PBXBuildFile; fileRef = 64EEFE65204B3AFC006B0B2A /* SuperHeroViewController.xib */; };
		64EEFE68204B3B24006B0B2A /* NavigableProtocol.swift in Sources */ = {isa = PBXBuildFile; fileRef = 64EEFE67204B3B24006B0B2A /* NavigableProtocol.swift */; };
		64EEFE70204BEC78006B0B2A /* SuperHeroEntityList+JSONDecodable.swift in Sources */ = {isa = PBXBuildFile; fileRef = 64EEFE6B204BEC77006B0B2A /* SuperHeroEntityList+JSONDecodable.swift */; };
		64EEFE71204BEC78006B0B2A /* SuperHeroEntity.swift in Sources */ = {isa = PBXBuildFile; fileRef = 64EEFE6C204BEC77006B0B2A /* SuperHeroEntity.swift */; };
		64EEFE72204BEC78006B0B2A /* SuperHeroEntity+JSONDecodable.swift in Sources */ = {isa = PBXBuildFile; fileRef = 64EEFE6D204BEC78006B0B2A /* SuperHeroEntity+JSONDecodable.swift */; };
		64EEFE73204BEC78006B0B2A /* SuperHeroListEntity.swift in Sources */ = {isa = PBXBuildFile; fileRef = 64EEFE6E204BEC78006B0B2A /* SuperHeroListEntity.swift */; };
		64EEFE75204BEC85006B0B2A /* ApiClientType.swift in Sources */ = {isa = PBXBuildFile; fileRef = 64EEFE74204BEC85006B0B2A /* ApiClientType.swift */; };
		64EEFE77204BEE3A006B0B2A /* ResourceType.swift in Sources */ = {isa = PBXBuildFile; fileRef = 64EEFE76204BEE3A006B0B2A /* ResourceType.swift */; };
		64F27B922048457D00D98820 /* SuperHeroListViewController.swift in Sources */ = {isa = PBXBuildFile; fileRef = 64F27B8F2048457D00D98820 /* SuperHeroListViewController.swift */; };
		64F27B932048457D00D98820 /* SuperHeroListViewModel.swift in Sources */ = {isa = PBXBuildFile; fileRef = 64F27B902048457D00D98820 /* SuperHeroListViewModel.swift */; };
		64F27B95204845B700D98820 /* SuperHeroListViewController.xib in Resources */ = {isa = PBXBuildFile; fileRef = 64F27B94204845B700D98820 /* SuperHeroListViewController.xib */; };
		64F27B97204845EB00D98820 /* GetSuperHeroListUseCase.swift in Sources */ = {isa = PBXBuildFile; fileRef = 64F27B96204845EB00D98820 /* GetSuperHeroListUseCase.swift */; };
		64F27B99204845FA00D98820 /* SuperHeroApiRepository.swift in Sources */ = {isa = PBXBuildFile; fileRef = 64F27B98204845FA00D98820 /* SuperHeroApiRepository.swift */; };
/* End PBXBuildFile section */

/* Begin PBXFileReference section */
		412C488D043853541F7C6617 /* Pods_SuperHero.framework */ = {isa = PBXFileReference; explicitFileType = wrapper.framework; includeInIndex = 0; path = Pods_SuperHero.framework; sourceTree = BUILT_PRODUCTS_DIR; };
		643150D2204827900014F2A0 /* SuperHero.app */ = {isa = PBXFileReference; explicitFileType = wrapper.application; includeInIndex = 0; path = SuperHero.app; sourceTree = BUILT_PRODUCTS_DIR; };
		643150D5204827900014F2A0 /* AppDelegate.swift */ = {isa = PBXFileReference; lastKnownFileType = sourcecode.swift; path = AppDelegate.swift; sourceTree = "<group>"; };
		643150DC204827900014F2A0 /* Assets.xcassets */ = {isa = PBXFileReference; lastKnownFileType = folder.assetcatalog; path = Assets.xcassets; sourceTree = "<group>"; };
		643150DF204827900014F2A0 /* Base */ = {isa = PBXFileReference; lastKnownFileType = file.storyboard; name = Base; path = Base.lproj/LaunchScreen.storyboard; sourceTree = "<group>"; };
		643150E1204827900014F2A0 /* Info.plist */ = {isa = PBXFileReference; lastKnownFileType = text.plist.xml; path = Info.plist; sourceTree = "<group>"; };
		643150EB204827FA0014F2A0 /* ApiClient.swift */ = {isa = PBXFileReference; lastKnownFileType = sourcecode.swift; path = ApiClient.swift; sourceTree = "<group>"; };
		6447E1B8204AB3E7002C7E8F /* ViewController.swift */ = {isa = PBXFileReference; lastKnownFileType = sourcecode.swift; path = ViewController.swift; sourceTree = "<group>"; };
		6447E1B9204AB3E7002C7E8F /* ViewModel.swift */ = {isa = PBXFileReference; lastKnownFileType = sourcecode.swift; path = ViewModel.swift; sourceTree = "<group>"; };
		6447E1BA204AB3E7002C7E8F /* Router.swift */ = {isa = PBXFileReference; lastKnownFileType = sourcecode.swift; path = Router.swift; sourceTree = "<group>"; };
		6447E1BB204AB423002C7E8F /* Constants.swift */ = {isa = PBXFileReference; lastKnownFileType = sourcecode.swift; path = Constants.swift; sourceTree = "<group>"; };
		6447E1BC204AB423002C7E8F /* DependencyInjection.swift */ = {isa = PBXFileReference; lastKnownFileType = sourcecode.swift; path = DependencyInjection.swift; sourceTree = "<group>"; };
		64EEFE35204AB920006B0B2A /* JSONDecodable.swift */ = {isa = PBXFileReference; lastKnownFileType = sourcecode.swift; path = JSONDecodable.swift; sourceTree = "<group>"; };
		64EEFE38204AB9F6006B0B2A /* JSONDecodingError.swift */ = {isa = PBXFileReference; lastKnownFileType = sourcecode.swift; path = JSONDecodingError.swift; sourceTree = "<group>"; };
		64EEFE3A204ABD87006B0B2A /* Resource.swift */ = {isa = PBXFileReference; fileEncoding = 4; lastKnownFileType = sourcecode.swift; path = Resource.swift; sourceTree = "<group>"; };
		64EEFE3C204ABFE1006B0B2A /* ApiError.swift */ = {isa = PBXFileReference; lastKnownFileType = sourcecode.swift; path = ApiError.swift; sourceTree = "<group>"; };
		64EEFE3E204B1328006B0B2A /* ApiPaths.swift */ = {isa = PBXFileReference; lastKnownFileType = sourcecode.swift; path = ApiPaths.swift; sourceTree = "<group>"; };
		64EEFE40204B16DE006B0B2A /* Array+JSONDecodable.swift */ = {isa = PBXFileReference; fileEncoding = 4; lastKnownFileType = sourcecode.swift; path = "Array+JSONDecodable.swift"; sourceTree = "<group>"; };
		64EEFE4A204B231B006B0B2A /* SuperHeroListRouter.swift */ = {isa = PBXFileReference; lastKnownFileType = sourcecode.swift; path = SuperHeroListRouter.swift; sourceTree = "<group>"; };
		64EEFE4C204B269E006B0B2A /* SuperHeroCollectionViewCell.swift */ = {isa = PBXFileReference; lastKnownFileType = sourcecode.swift; path = SuperHeroCollectionViewCell.swift; sourceTree = "<group>"; };
		64EEFE4D204B269E006B0B2A /* SuperHeroCollectionViewCell.xib */ = {isa = PBXFileReference; lastKnownFileType = file.xib; path = SuperHeroCollectionViewCell.xib; sourceTree = "<group>"; };
		64EEFE50204B26B9006B0B2A /* SuperHeroCellViewModel.swift */ = {isa = PBXFileReference; lastKnownFileType = sourcecode.swift; path = SuperHeroCellViewModel.swift; sourceTree = "<group>"; };
		64EEFE52204B289B006B0B2A /* UIImageView+setImage.swift */ = {isa = PBXFileReference; fileEncoding = 4; lastKnownFileType = sourcecode.swift; path = "UIImageView+setImage.swift"; sourceTree = "<group>"; };
		64EEFE56204B3083006B0B2A /* ViewStyle.swift */ = {isa = PBXFileReference; fileEncoding = 4; lastKnownFileType = sourcecode.swift; path = ViewStyle.swift; sourceTree = "<group>"; };
		64EEFE58204B3099006B0B2A /* StyleConstants.swift */ = {isa = PBXFileReference; fileEncoding = 4; lastKnownFileType = sourcecode.swift; path = StyleConstants.swift; sourceTree = "<group>"; };
		64EEFE5A204B30DE006B0B2A /* UIView+Stylable.swift */ = {isa = PBXFileReference; fileEncoding = 4; lastKnownFileType = sourcecode.swift; path = "UIView+Stylable.swift"; sourceTree = "<group>"; };
		64EEFE5C204B3133006B0B2A /* Stylable.swift */ = {isa = PBXFileReference; fileEncoding = 4; lastKnownFileType = sourcecode.swift; path = Stylable.swift; sourceTree = "<group>"; };
		64EEFE5F204B3AEE006B0B2A /* SuperHeroRouter.swift */ = {isa = PBXFileReference; lastKnownFileType = sourcecode.swift; path = SuperHeroRouter.swift; sourceTree = "<group>"; };
		64EEFE60204B3AEE006B0B2A /* SuperHeroViewController.swift */ = {isa = PBXFileReference; lastKnownFileType = sourcecode.swift; path = SuperHeroViewController.swift; sourceTree = "<group>"; };
		64EEFE61204B3AEE006B0B2A /* SuperHeroViewModel.swift */ = {isa = PBXFileReference; lastKnownFileType = sourcecode.swift; path = SuperHeroViewModel.swift; sourceTree = "<group>"; };
		64EEFE65204B3AFC006B0B2A /* SuperHeroViewController.xib */ = {isa = PBXFileReference; lastKnownFileType = file.xib; path = SuperHeroViewController.xib; sourceTree = "<group>"; };
		64EEFE67204B3B24006B0B2A /* NavigableProtocol.swift */ = {isa = PBXFileReference; lastKnownFileType = sourcecode.swift; path = NavigableProtocol.swift; sourceTree = "<group>"; };
		64EEFE6B204BEC77006B0B2A /* SuperHeroEntityList+JSONDecodable.swift */ = {isa = PBXFileReference; fileEncoding = 4; lastKnownFileType = sourcecode.swift; path = "SuperHeroEntityList+JSONDecodable.swift"; sourceTree = "<group>"; };
		64EEFE6C204BEC77006B0B2A /* SuperHeroEntity.swift */ = {isa = PBXFileReference; fileEncoding = 4; lastKnownFileType = sourcecode.swift; path = SuperHeroEntity.swift; sourceTree = "<group>"; };
		64EEFE6D204BEC78006B0B2A /* SuperHeroEntity+JSONDecodable.swift */ = {isa = PBXFileReference; fileEncoding = 4; lastKnownFileType = sourcecode.swift; path = "SuperHeroEntity+JSONDecodable.swift"; sourceTree = "<group>"; };
		64EEFE6E204BEC78006B0B2A /* SuperHeroListEntity.swift */ = {isa = PBXFileReference; fileEncoding = 4; lastKnownFileType = sourcecode.swift; path = SuperHeroListEntity.swift; sourceTree = "<group>"; };
		64EEFE74204BEC85006B0B2A /* ApiClientType.swift */ = {isa = PBXFileReference; lastKnownFileType = sourcecode.swift; path = ApiClientType.swift; sourceTree = "<group>"; };
		64EEFE76204BEE3A006B0B2A /* ResourceType.swift */ = {isa = PBXFileReference; lastKnownFileType = sourcecode.swift; path = ResourceType.swift; sourceTree = "<group>"; };
		64F27B8F2048457D00D98820 /* SuperHeroListViewController.swift */ = {isa = PBXFileReference; lastKnownFileType = sourcecode.swift; path = SuperHeroListViewController.swift; sourceTree = "<group>"; };
		64F27B902048457D00D98820 /* SuperHeroListViewModel.swift */ = {isa = PBXFileReference; lastKnownFileType = sourcecode.swift; path = SuperHeroListViewModel.swift; sourceTree = "<group>"; };
		64F27B94204845B700D98820 /* SuperHeroListViewController.xib */ = {isa = PBXFileReference; lastKnownFileType = file.xib; path = SuperHeroListViewController.xib; sourceTree = "<group>"; };
		64F27B96204845EB00D98820 /* GetSuperHeroListUseCase.swift */ = {isa = PBXFileReference; lastKnownFileType = sourcecode.swift; path = GetSuperHeroListUseCase.swift; sourceTree = "<group>"; };
		64F27B98204845FA00D98820 /* SuperHeroApiRepository.swift */ = {isa = PBXFileReference; lastKnownFileType = sourcecode.swift; path = SuperHeroApiRepository.swift; sourceTree = "<group>"; };
		B7B2F5DAFEE8E79FE3DF1980 /* Pods-SuperHero.release.xcconfig */ = {isa = PBXFileReference; includeInIndex = 1; lastKnownFileType = text.xcconfig; name = "Pods-SuperHero.release.xcconfig"; path = "Pods/Target Support Files/Pods-SuperHero/Pods-SuperHero.release.xcconfig"; sourceTree = "<group>"; };
		DD914704804E5C82DC6C21A3 /* Pods-SuperHero.debug.xcconfig */ = {isa = PBXFileReference; includeInIndex = 1; lastKnownFileType = text.xcconfig; name = "Pods-SuperHero.debug.xcconfig"; path = "Pods/Target Support Files/Pods-SuperHero/Pods-SuperHero.debug.xcconfig"; sourceTree = "<group>"; };
/* End PBXFileReference section */

/* Begin PBXFrameworksBuildPhase section */
		643150CF204827900014F2A0 /* Frameworks */ = {
			isa = PBXFrameworksBuildPhase;
			buildActionMask = 2147483647;
			files = (
				398E4A049813579EF92D9B17 /* Pods_SuperHero.framework in Frameworks */,
			);
			runOnlyForDeploymentPostprocessing = 0;
		};
/* End PBXFrameworksBuildPhase section */

/* Begin PBXGroup section */
		329122103242CB25EF4B5D99 /* Frameworks */ = {
			isa = PBXGroup;
			children = (
				412C488D043853541F7C6617 /* Pods_SuperHero.framework */,
			);
			name = Frameworks;
			sourceTree = "<group>";
		};
		643150C9204827900014F2A0 = {
			isa = PBXGroup;
			children = (
				643150D4204827900014F2A0 /* SuperHero */,
				643150D3204827900014F2A0 /* Products */,
				F1B83DB4338101C851502509 /* Pods */,
				329122103242CB25EF4B5D99 /* Frameworks */,
			);
			sourceTree = "<group>";
		};
		643150D3204827900014F2A0 /* Products */ = {
			isa = PBXGroup;
			children = (
				643150D2204827900014F2A0 /* SuperHero.app */,
			);
			name = Products;
			sourceTree = "<group>";
		};
		643150D4204827900014F2A0 /* SuperHero */ = {
			isa = PBXGroup;
			children = (
				643150D5204827900014F2A0 /* AppDelegate.swift */,
				64E74D10204C26B500716389 /* Common */,
				6447E1B7204AB3C0002C7E8F /* General */,
				643150EF204829260014F2A0 /* Screen */,
				64F27B8A2048295E00D98820 /* UseCase */,
				64F27B8B2048297A00D98820 /* Repository */,
				643150E7204827A00014F2A0 /* Client */,
				64EEFE69204BEC65006B0B2A /* Models */,
				64F27B8D2048299C00D98820 /* Resources */,
				64F27B8C2048298C00D98820 /* Support */,
			);
			path = SuperHero;
			sourceTree = "<group>";
		};
		643150E7204827A00014F2A0 /* Client */ = {
			isa = PBXGroup;
			children = (
				643150EB204827FA0014F2A0 /* ApiClient.swift */,
				64EEFE3E204B1328006B0B2A /* ApiPaths.swift */,
				64EEFE35204AB920006B0B2A /* JSONDecodable.swift */,
				64EEFE3A204ABD87006B0B2A /* Resource.swift */,
				64EEFE3C204ABFE1006B0B2A /* ApiError.swift */,
				64EEFE38204AB9F6006B0B2A /* JSONDecodingError.swift */,
			);
			name = Client;
			sourceTree = "<group>";
		};
		643150EF204829260014F2A0 /* Screen */ = {
			isa = PBXGroup;
			children = (
				64F27B892048295200D98820 /* SuperHeroList */,
				64EEFE5E204B3AE1006B0B2A /* SuperHero */,
			);
			name = Screen;
			sourceTree = "<group>";
		};
		6447E1B7204AB3C0002C7E8F /* General */ = {
			isa = PBXGroup;
			children = (
				6447E1BA204AB3E7002C7E8F /* Router.swift */,
				6447E1B9204AB3E7002C7E8F /* ViewModel.swift */,
				6447E1B8204AB3E7002C7E8F /* ViewController.swift */,
			);
			name = General;
			sourceTree = "<group>";
		};
		64E74D10204C26B500716389 /* Common */ = {
			isa = PBXGroup;
			children = (
				6447E1BB204AB423002C7E8F /* Constants.swift */,
				6447E1BC204AB423002C7E8F /* DependencyInjection.swift */,
				64EEFE67204B3B24006B0B2A /* NavigableProtocol.swift */,
				64EEFE55204B3066006B0B2A /* Style */,
				64EEFE54204B28A0006B0B2A /* Extensions */,
			);
			name = Common;
			sourceTree = "<group>";
		};
		64EEFE28204AB673006B0B2A /* SuperHeroCollectionCell */ = {
			isa = PBXGroup;
			children = (
				64EEFE50204B26B9006B0B2A /* SuperHeroCellViewModel.swift */,
				64EEFE4C204B269E006B0B2A /* SuperHeroCollectionViewCell.swift */,
				64EEFE4D204B269E006B0B2A /* SuperHeroCollectionViewCell.xib */,
			);
			name = SuperHeroCollectionCell;
			sourceTree = "<group>";
		};
		64EEFE54204B28A0006B0B2A /* Extensions */ = {
			isa = PBXGroup;
			children = (
				64EEFE40204B16DE006B0B2A /* Array+JSONDecodable.swift */,
				64EEFE52204B289B006B0B2A /* UIImageView+setImage.swift */,
				64EEFE5A204B30DE006B0B2A /* UIView+Stylable.swift */,
			);
			name = Extensions;
			sourceTree = "<group>";
		};
		64EEFE55204B3066006B0B2A /* Style */ = {
			isa = PBXGroup;
			children = (
				64EEFE5C204B3133006B0B2A /* Stylable.swift */,
				64EEFE56204B3083006B0B2A /* ViewStyle.swift */,
				64EEFE58204B3099006B0B2A /* StyleConstants.swift */,
			);
			name = Style;
			sourceTree = "<group>";
		};
		64EEFE5E204B3AE1006B0B2A /* SuperHero */ = {
			isa = PBXGroup;
			children = (
				64EEFE5F204B3AEE006B0B2A /* SuperHeroRouter.swift */,
				64EEFE61204B3AEE006B0B2A /* SuperHeroViewModel.swift */,
				64EEFE60204B3AEE006B0B2A /* SuperHeroViewController.swift */,
				64EEFE65204B3AFC006B0B2A /* SuperHeroViewController.xib */,
			);
			name = SuperHero;
			sourceTree = "<group>";
		};
		64EEFE69204BEC65006B0B2A /* Models */ = {
			isa = PBXGroup;
			children = (
				64EEFE78204BEF14006B0B2A /* ApiClient */,
				64EEFE6C204BEC77006B0B2A /* SuperHeroEntity.swift */,
				64EEFE6D204BEC78006B0B2A /* SuperHeroEntity+JSONDecodable.swift */,
				64EEFE6B204BEC77006B0B2A /* SuperHeroEntityList+JSONDecodable.swift */,
				64EEFE6E204BEC78006B0B2A /* SuperHeroListEntity.swift */,
			);
			name = Models;
			sourceTree = "<group>";
		};
		64EEFE78204BEF14006B0B2A /* ApiClient */ = {
			isa = PBXGroup;
			children = (
				64EEFE74204BEC85006B0B2A /* ApiClientType.swift */,
				64EEFE76204BEE3A006B0B2A /* ResourceType.swift */,
			);
			name = ApiClient;
			sourceTree = "<group>";
		};
		64F27B892048295200D98820 /* SuperHeroList */ = {
			isa = PBXGroup;
			children = (
				64EEFE28204AB673006B0B2A /* SuperHeroCollectionCell */,
				64EEFE4A204B231B006B0B2A /* SuperHeroListRouter.swift */,
				64F27B902048457D00D98820 /* SuperHeroListViewModel.swift */,
				64F27B8F2048457D00D98820 /* SuperHeroListViewController.swift */,
				64F27B94204845B700D98820 /* SuperHeroListViewController.xib */,
			);
			name = SuperHeroList;
			sourceTree = "<group>";
		};
		64F27B8A2048295E00D98820 /* UseCase */ = {
			isa = PBXGroup;
			children = (
				64F27B96204845EB00D98820 /* GetSuperHeroListUseCase.swift */,
			);
			name = UseCase;
			sourceTree = "<group>";
		};
		64F27B8B2048297A00D98820 /* Repository */ = {
			isa = PBXGroup;
			children = (
				64F27B98204845FA00D98820 /* SuperHeroApiRepository.swift */,
			);
			name = Repository;
			sourceTree = "<group>";
		};
		64F27B8C2048298C00D98820 /* Support */ = {
			isa = PBXGroup;
			children = (
				643150E1204827900014F2A0 /* Info.plist */,
			);
			name = Support;
			sourceTree = "<group>";
		};
		64F27B8D2048299C00D98820 /* Resources */ = {
			isa = PBXGroup;
			children = (
				643150DC204827900014F2A0 /* Assets.xcassets */,
				643150DE204827900014F2A0 /* LaunchScreen.storyboard */,
			);
			name = Resources;
			sourceTree = "<group>";
		};
		F1B83DB4338101C851502509 /* Pods */ = {
			isa = PBXGroup;
			children = (
				DD914704804E5C82DC6C21A3 /* Pods-SuperHero.debug.xcconfig */,
				B7B2F5DAFEE8E79FE3DF1980 /* Pods-SuperHero.release.xcconfig */,
			);
			name = Pods;
			sourceTree = "<group>";
		};
/* End PBXGroup section */

/* Begin PBXNativeTarget section */
		643150D1204827900014F2A0 /* SuperHero */ = {
			isa = PBXNativeTarget;
			buildConfigurationList = 643150E4204827900014F2A0 /* Build configuration list for PBXNativeTarget "SuperHero" */;
			buildPhases = (
				CBB9788D8BAD510B35434F84 /* [CP] Check Pods Manifest.lock */,
				643150CE204827900014F2A0 /* Sources */,
				643150CF204827900014F2A0 /* Frameworks */,
				643150D0204827900014F2A0 /* Resources */,
				CABD83AD9F74865B43E629E1 /* [CP] Embed Pods Frameworks */,
				362A41B7DB38CD67FD8E9061 /* [CP] Copy Pods Resources */,
			);
			buildRules = (
			);
			dependencies = (
			);
			name = SuperHero;
			productName = SuperHero;
			productReference = 643150D2204827900014F2A0 /* SuperHero.app */;
			productType = "com.apple.product-type.application";
		};
/* End PBXNativeTarget section */

/* Begin PBXProject section */
		643150CA204827900014F2A0 /* Project object */ = {
			isa = PBXProject;
			attributes = {
				LastSwiftUpdateCheck = 0920;
				LastUpgradeCheck = 0920;
				ORGANIZATIONNAME = "Eduardo González";
				TargetAttributes = {
					643150D1204827900014F2A0 = {
						CreatedOnToolsVersion = 9.2;
						ProvisioningStyle = Automatic;
					};
				};
			};
			buildConfigurationList = 643150CD204827900014F2A0 /* Build configuration list for PBXProject "SuperHero" */;
			compatibilityVersion = "Xcode 8.0";
			developmentRegion = en;
			hasScannedForEncodings = 0;
			knownRegions = (
				en,
				Base,
			);
			mainGroup = 643150C9204827900014F2A0;
			productRefGroup = 643150D3204827900014F2A0 /* Products */;
			projectDirPath = "";
			projectRoot = "";
			targets = (
				643150D1204827900014F2A0 /* SuperHero */,
			);
		};
/* End PBXProject section */

/* Begin PBXResourcesBuildPhase section */
		643150D0204827900014F2A0 /* Resources */ = {
			isa = PBXResourcesBuildPhase;
			buildActionMask = 2147483647;
			files = (
				64EEFE4F204B269E006B0B2A /* SuperHeroCollectionViewCell.xib in Resources */,
				643150E0204827900014F2A0 /* LaunchScreen.storyboard in Resources */,
				64EEFE66204B3AFC006B0B2A /* SuperHeroViewController.xib in Resources */,
				64F27B95204845B700D98820 /* SuperHeroListViewController.xib in Resources */,
				643150DD204827900014F2A0 /* Assets.xcassets in Resources */,
			);
			runOnlyForDeploymentPostprocessing = 0;
		};
/* End PBXResourcesBuildPhase section */

/* Begin PBXShellScriptBuildPhase section */
		362A41B7DB38CD67FD8E9061 /* [CP] Copy Pods Resources */ = {
			isa = PBXShellScriptBuildPhase;
			buildActionMask = 2147483647;
			files = (
			);
			inputPaths = (
			);
			name = "[CP] Copy Pods Resources";
			outputPaths = (
			);
			runOnlyForDeploymentPostprocessing = 0;
			shellPath = /bin/sh;
			shellScript = "\"${SRCROOT}/Pods/Target Support Files/Pods-SuperHero/Pods-SuperHero-resources.sh\"\n";
			showEnvVarsInLog = 0;
		};
		CABD83AD9F74865B43E629E1 /* [CP] Embed Pods Frameworks */ = {
			isa = PBXShellScriptBuildPhase;
			buildActionMask = 2147483647;
			files = (
			);
			inputPaths = (
				"${SRCROOT}/Pods/Target Support Files/Pods-SuperHero/Pods-SuperHero-frameworks.sh",
				"${BUILT_PRODUCTS_DIR}/Alamofire/Alamofire.framework",
				"${BUILT_PRODUCTS_DIR}/AlamofireImage/AlamofireImage.framework",
				"${BUILT_PRODUCTS_DIR}/Differentiator/Differentiator.framework",
				"${BUILT_PRODUCTS_DIR}/RxCocoa/RxCocoa.framework",
				"${BUILT_PRODUCTS_DIR}/RxDataSources/RxDataSources.framework",
				"${BUILT_PRODUCTS_DIR}/RxSwift/RxSwift.framework",
				"${BUILT_PRODUCTS_DIR}/Swinject/Swinject.framework",
			);
			name = "[CP] Embed Pods Frameworks";
			outputPaths = (
				"${TARGET_BUILD_DIR}/${FRAMEWORKS_FOLDER_PATH}/Alamofire.framework",
				"${TARGET_BUILD_DIR}/${FRAMEWORKS_FOLDER_PATH}/AlamofireImage.framework",
				"${TARGET_BUILD_DIR}/${FRAMEWORKS_FOLDER_PATH}/Differentiator.framework",
				"${TARGET_BUILD_DIR}/${FRAMEWORKS_FOLDER_PATH}/RxCocoa.framework",
				"${TARGET_BUILD_DIR}/${FRAMEWORKS_FOLDER_PATH}/RxDataSources.framework",
				"${TARGET_BUILD_DIR}/${FRAMEWORKS_FOLDER_PATH}/RxSwift.framework",
				"${TARGET_BUILD_DIR}/${FRAMEWORKS_FOLDER_PATH}/Swinject.framework",
			);
			runOnlyForDeploymentPostprocessing = 0;
			shellPath = /bin/sh;
			shellScript = "\"${SRCROOT}/Pods/Target Support Files/Pods-SuperHero/Pods-SuperHero-frameworks.sh\"\n";
			showEnvVarsInLog = 0;
		};
		CBB9788D8BAD510B35434F84 /* [CP] Check Pods Manifest.lock */ = {
			isa = PBXShellScriptBuildPhase;
			buildActionMask = 2147483647;
			files = (
			);
			inputPaths = (
				"${PODS_PODFILE_DIR_PATH}/Podfile.lock",
				"${PODS_ROOT}/Manifest.lock",
			);
			name = "[CP] Check Pods Manifest.lock";
			outputPaths = (
				"$(DERIVED_FILE_DIR)/Pods-SuperHero-checkManifestLockResult.txt",
			);
			runOnlyForDeploymentPostprocessing = 0;
			shellPath = /bin/sh;
			shellScript = "diff \"${PODS_PODFILE_DIR_PATH}/Podfile.lock\" \"${PODS_ROOT}/Manifest.lock\" > /dev/null\nif [ $? != 0 ] ; then\n    # print error to STDERR\n    echo \"error: The sandbox is not in sync with the Podfile.lock. Run 'pod install' or update your CocoaPods installation.\" >&2\n    exit 1\nfi\n# This output is used by Xcode 'outputs' to avoid re-running this script phase.\necho \"SUCCESS\" > \"${SCRIPT_OUTPUT_FILE_0}\"\n";
			showEnvVarsInLog = 0;
		};
/* End PBXShellScriptBuildPhase section */

/* Begin PBXSourcesBuildPhase section */
		643150CE204827900014F2A0 /* Sources */ = {
			isa = PBXSourcesBuildPhase;
			buildActionMask = 2147483647;
			files = (
				64EEFE72204BEC78006B0B2A /* SuperHeroEntity+JSONDecodable.swift in Sources */,
				64EEFE39204AB9F6006B0B2A /* JSONDecodingError.swift in Sources */,
				64EEFE73204BEC78006B0B2A /* SuperHeroListEntity.swift in Sources */,
				64EEFE2F204AB702006B0B2A /* ViewController.swift in Sources */,
				64EEFE41204B16DF006B0B2A /* Array+JSONDecodable.swift in Sources */,
				64F27B97204845EB00D98820 /* GetSuperHeroListUseCase.swift in Sources */,
				64EEFE4B204B231B006B0B2A /* SuperHeroListRouter.swift in Sources */,
				64EEFE5D204B3134006B0B2A /* Stylable.swift in Sources */,
				64EEFE37204AB926006B0B2A /* ApiClient.swift in Sources */,
				64EEFE32204AB702006B0B2A /* DependencyInjection.swift in Sources */,
				64F27B922048457D00D98820 /* SuperHeroListViewController.swift in Sources */,
				64EEFE3F204B1328006B0B2A /* ApiPaths.swift in Sources */,
				64EEFE75204BEC85006B0B2A /* ApiClientType.swift in Sources */,
				64EEFE71204BEC78006B0B2A /* SuperHeroEntity.swift in Sources */,
				64EEFE30204AB702006B0B2A /* ViewModel.swift in Sources */,
				64EEFE77204BEE3A006B0B2A /* ResourceType.swift in Sources */,
				64EEFE63204B3AEE006B0B2A /* SuperHeroViewController.swift in Sources */,
				64EEFE68204B3B24006B0B2A /* NavigableProtocol.swift in Sources */,
				64EEFE36204AB923006B0B2A /* JSONDecodable.swift in Sources */,
				64EEFE4E204B269E006B0B2A /* SuperHeroCollectionViewCell.swift in Sources */,
				64EEFE3B204ABD87006B0B2A /* Resource.swift in Sources */,
				64EEFE51204B26B9006B0B2A /* SuperHeroCellViewModel.swift in Sources */,
				64F27B932048457D00D98820 /* SuperHeroListViewModel.swift in Sources */,
				64F27B99204845FA00D98820 /* SuperHeroApiRepository.swift in Sources */,
				64EEFE70204BEC78006B0B2A /* SuperHeroEntityList+JSONDecodable.swift in Sources */,
				64EEFE3D204ABFE2006B0B2A /* ApiError.swift in Sources */,
				64EEFE53204B289B006B0B2A /* UIImageView+setImage.swift in Sources */,
				64EEFE2E204AB702006B0B2A /* Router.swift in Sources */,
				64EEFE59204B3099006B0B2A /* StyleConstants.swift in Sources */,
				643150D6204827900014F2A0 /* AppDelegate.swift in Sources */,
				64EEFE5B204B30DE006B0B2A /* UIView+Stylable.swift in Sources */,
				64EEFE62204B3AEE006B0B2A /* SuperHeroRouter.swift in Sources */,
				64EEFE64204B3AEE006B0B2A /* SuperHeroViewModel.swift in Sources */,
				64EEFE57204B3083006B0B2A /* ViewStyle.swift in Sources */,
				64EEFE31204AB702006B0B2A /* Constants.swift in Sources */,
			);
			runOnlyForDeploymentPostprocessing = 0;
		};
/* End PBXSourcesBuildPhase section */

/* Begin PBXVariantGroup section */
		643150DE204827900014F2A0 /* LaunchScreen.storyboard */ = {
			isa = PBXVariantGroup;
			children = (
				643150DF204827900014F2A0 /* Base */,
			);
			name = LaunchScreen.storyboard;
			sourceTree = "<group>";
		};
/* End PBXVariantGroup section */

/* Begin XCBuildConfiguration section */
		643150E2204827900014F2A0 /* Debug */ = {
			isa = XCBuildConfiguration;
			buildSettings = {
				ALWAYS_SEARCH_USER_PATHS = NO;
				CLANG_ANALYZER_NONNULL = YES;
				CLANG_ANALYZER_NUMBER_OBJECT_CONVERSION = YES_AGGRESSIVE;
				CLANG_CXX_LANGUAGE_STANDARD = "gnu++14";
				CLANG_CXX_LIBRARY = "libc++";
				CLANG_ENABLE_MODULES = YES;
				CLANG_ENABLE_OBJC_ARC = YES;
				CLANG_WARN_BLOCK_CAPTURE_AUTORELEASING = YES;
				CLANG_WARN_BOOL_CONVERSION = YES;
				CLANG_WARN_COMMA = YES;
				CLANG_WARN_CONSTANT_CONVERSION = YES;
				CLANG_WARN_DIRECT_OBJC_ISA_USAGE = YES_ERROR;
				CLANG_WARN_DOCUMENTATION_COMMENTS = YES;
				CLANG_WARN_EMPTY_BODY = YES;
				CLANG_WARN_ENUM_CONVERSION = YES;
				CLANG_WARN_INFINITE_RECURSION = YES;
				CLANG_WARN_INT_CONVERSION = YES;
				CLANG_WARN_NON_LITERAL_NULL_CONVERSION = YES;
				CLANG_WARN_OBJC_LITERAL_CONVERSION = YES;
				CLANG_WARN_OBJC_ROOT_CLASS = YES_ERROR;
				CLANG_WARN_RANGE_LOOP_ANALYSIS = YES;
				CLANG_WARN_STRICT_PROTOTYPES = YES;
				CLANG_WARN_SUSPICIOUS_MOVE = YES;
				CLANG_WARN_UNGUARDED_AVAILABILITY = YES_AGGRESSIVE;
				CLANG_WARN_UNREACHABLE_CODE = YES;
				CLANG_WARN__DUPLICATE_METHOD_MATCH = YES;
				CODE_SIGN_IDENTITY = "iPhone Developer";
				COPY_PHASE_STRIP = NO;
				DEBUG_INFORMATION_FORMAT = dwarf;
				ENABLE_STRICT_OBJC_MSGSEND = YES;
				ENABLE_TESTABILITY = YES;
				GCC_C_LANGUAGE_STANDARD = gnu11;
				GCC_DYNAMIC_NO_PIC = NO;
				GCC_NO_COMMON_BLOCKS = YES;
				GCC_OPTIMIZATION_LEVEL = 0;
				GCC_PREPROCESSOR_DEFINITIONS = (
					"DEBUG=1",
					"$(inherited)",
				);
				GCC_WARN_64_TO_32_BIT_CONVERSION = YES;
				GCC_WARN_ABOUT_RETURN_TYPE = YES_ERROR;
				GCC_WARN_UNDECLARED_SELECTOR = YES;
				GCC_WARN_UNINITIALIZED_AUTOS = YES_AGGRESSIVE;
				GCC_WARN_UNUSED_FUNCTION = YES;
				GCC_WARN_UNUSED_VARIABLE = YES;
				IPHONEOS_DEPLOYMENT_TARGET = 11.2;
				MTL_ENABLE_DEBUG_INFO = YES;
				ONLY_ACTIVE_ARCH = YES;
				SDKROOT = iphoneos;
				SWIFT_ACTIVE_COMPILATION_CONDITIONS = DEBUG;
				SWIFT_OPTIMIZATION_LEVEL = "-Onone";
			};
			name = Debug;
		};
		643150E3204827900014F2A0 /* Release */ = {
			isa = XCBuildConfiguration;
			buildSettings = {
				ALWAYS_SEARCH_USER_PATHS = NO;
				CLANG_ANALYZER_NONNULL = YES;
				CLANG_ANALYZER_NUMBER_OBJECT_CONVERSION = YES_AGGRESSIVE;
				CLANG_CXX_LANGUAGE_STANDARD = "gnu++14";
				CLANG_CXX_LIBRARY = "libc++";
				CLANG_ENABLE_MODULES = YES;
				CLANG_ENABLE_OBJC_ARC = YES;
				CLANG_WARN_BLOCK_CAPTURE_AUTORELEASING = YES;
				CLANG_WARN_BOOL_CONVERSION = YES;
				CLANG_WARN_COMMA = YES;
				CLANG_WARN_CONSTANT_CONVERSION = YES;
				CLANG_WARN_DIRECT_OBJC_ISA_USAGE = YES_ERROR;
				CLANG_WARN_DOCUMENTATION_COMMENTS = YES;
				CLANG_WARN_EMPTY_BODY = YES;
				CLANG_WARN_ENUM_CONVERSION = YES;
				CLANG_WARN_INFINITE_RECURSION = YES;
				CLANG_WARN_INT_CONVERSION = YES;
				CLANG_WARN_NON_LITERAL_NULL_CONVERSION = YES;
				CLANG_WARN_OBJC_LITERAL_CONVERSION = YES;
				CLANG_WARN_OBJC_ROOT_CLASS = YES_ERROR;
				CLANG_WARN_RANGE_LOOP_ANALYSIS = YES;
				CLANG_WARN_STRICT_PROTOTYPES = YES;
				CLANG_WARN_SUSPICIOUS_MOVE = YES;
				CLANG_WARN_UNGUARDED_AVAILABILITY = YES_AGGRESSIVE;
				CLANG_WARN_UNREACHABLE_CODE = YES;
				CLANG_WARN__DUPLICATE_METHOD_MATCH = YES;
				CODE_SIGN_IDENTITY = "iPhone Developer";
				COPY_PHASE_STRIP = NO;
				DEBUG_INFORMATION_FORMAT = "dwarf-with-dsym";
				ENABLE_NS_ASSERTIONS = NO;
				ENABLE_STRICT_OBJC_MSGSEND = YES;
				GCC_C_LANGUAGE_STANDARD = gnu11;
				GCC_NO_COMMON_BLOCKS = YES;
				GCC_WARN_64_TO_32_BIT_CONVERSION = YES;
				GCC_WARN_ABOUT_RETURN_TYPE = YES_ERROR;
				GCC_WARN_UNDECLARED_SELECTOR = YES;
				GCC_WARN_UNINITIALIZED_AUTOS = YES_AGGRESSIVE;
				GCC_WARN_UNUSED_FUNCTION = YES;
				GCC_WARN_UNUSED_VARIABLE = YES;
				IPHONEOS_DEPLOYMENT_TARGET = 11.2;
				MTL_ENABLE_DEBUG_INFO = NO;
				SDKROOT = iphoneos;
				SWIFT_OPTIMIZATION_LEVEL = "-Owholemodule";
				VALIDATE_PRODUCT = YES;
			};
			name = Release;
		};
		643150E5204827900014F2A0 /* Debug */ = {
			isa = XCBuildConfiguration;
			baseConfigurationReference = DD914704804E5C82DC6C21A3 /* Pods-SuperHero.debug.xcconfig */;
			buildSettings = {
				ASSETCATALOG_COMPILER_APPICON_NAME = AppIcon;
				CODE_SIGN_STYLE = Automatic;
				DEVELOPMENT_TEAM = QPYS5G46P7;
				INFOPLIST_FILE = SuperHero/Info.plist;
				LD_RUNPATH_SEARCH_PATHS = "$(inherited) @executable_path/Frameworks";
				PRODUCT_BUNDLE_IDENTIFIER = com.edugonzlz.com.SuperHero;
				PRODUCT_NAME = "$(TARGET_NAME)";
				SWIFT_VERSION = 3.0;
				TARGETED_DEVICE_FAMILY = "1,2";
			};
			name = Debug;
		};
		643150E6204827900014F2A0 /* Release */ = {
			isa = XCBuildConfiguration;
			baseConfigurationReference = B7B2F5DAFEE8E79FE3DF1980 /* Pods-SuperHero.release.xcconfig */;
			buildSettings = {
				ASSETCATALOG_COMPILER_APPICON_NAME = AppIcon;
				CODE_SIGN_STYLE = Automatic;
				DEVELOPMENT_TEAM = QPYS5G46P7;
				INFOPLIST_FILE = SuperHero/Info.plist;
				LD_RUNPATH_SEARCH_PATHS = "$(inherited) @executable_path/Frameworks";
				PRODUCT_BUNDLE_IDENTIFIER = com.edugonzlz.com.SuperHero;
				PRODUCT_NAME = "$(TARGET_NAME)";
				SWIFT_VERSION = 3.0;
				TARGETED_DEVICE_FAMILY = "1,2";
			};
			name = Release;
		};
/* End XCBuildConfiguration section */

/* Begin XCConfigurationList section */
		643150CD204827900014F2A0 /* Build configuration list for PBXProject "SuperHero" */ = {
			isa = XCConfigurationList;
			buildConfigurations = (
				643150E2204827900014F2A0 /* Debug */,
				643150E3204827900014F2A0 /* Release */,
			);
			defaultConfigurationIsVisible = 0;
			defaultConfigurationName = Release;
		};
		643150E4204827900014F2A0 /* Build configuration list for PBXNativeTarget "SuperHero" */ = {
			isa = XCConfigurationList;
			buildConfigurations = (
				643150E5204827900014F2A0 /* Debug */,
				643150E6204827900014F2A0 /* Release */,
			);
			defaultConfigurationIsVisible = 0;
			defaultConfigurationName = Release;
		};
/* End XCConfigurationList section */
	};
	rootObject = 643150CA204827900014F2A0 /* Project object */;
}
